
Microsoft Visual Studio Solution File, Format Version 12.00
# Visual Studio Version 16
VisualStudioVersion = 16.0.31025.194
MinimumVisualStudioVersion = 10.0.40219.1
Project("{FAE04EC0-301F-11D3-BF4B-00C04F79EFBC}") = "rmc_windows", "rmc_windows\rmc_windows.csproj", "{FD65EB7F-ED5A-4F18-ADCF-5DC54B0EE842}"
EndProject
Global
	GlobalSection(SolutionConfigurationPlatforms) = preSolution
		Debug|Any CPU = Debug|Any CPU
		Release|Any CPU = Release|Any CPU
	EndGlobalSection
	GlobalSection(ProjectConfigurationPlatforms) = postSolution
		{FD65EB7F-ED5A-4F18-ADCF-5DC54B0EE842}.Debug|Any CPU.ActiveCfg = Debug|Any CPU
		{FD65EB7F-ED5A-4F18-ADCF-5DC54B0EE842}.Debug|Any CPU.Build.0 = Debug|Any CPU
		{FD65EB7F-ED5A-4F18-ADCF-5DC54B0EE842}.Release|Any CPU.ActiveCfg = Release|Any CPU
		{FD65EB7F-ED5A-4F18-ADCF-5DC54B0EE842}.Release|Any CPU.Build.0 = Release|Any CPU
	EndGlobalSection
	GlobalSection(SolutionProperties) = preSolution
		HideSolutionNode = FALSE
	EndGlobalSection
	GlobalSection(ExtensibilityGlobals) = postSolution
		SolutionGuid = {C97BC888-BBDA-4C8F-A2D8-ADD6B8FC13CF}
	EndGlobalSection
EndGlobal
